
Microsoft Visual Studio Solution File, Format Version 12.00
# Visual Studio Version 16
VisualStudioVersion = 16.0.31702.278
MinimumVisualStudioVersion = 10.0.40219.1
Project("{FAE04EC0-301F-11D3-BF4B-00C04F79EFBC}") = "Salary_App", "Salary_App\Salary_App.csproj", "{8D2BB181-7C3A-4FD4-BFDF-FF0B0CF8A010}"
EndProject
Global
	GlobalSection(SolutionConfigurationPlatforms) = preSolution
		Debug|Any CPU = Debug|Any CPU
		Release|Any CPU = Release|Any CPU
	EndGlobalSection
	GlobalSection(ProjectConfigurationPlatforms) = postSolution
		{8D2BB181-7C3A-4FD4-BFDF-FF0B0CF8A010}.Debug|Any CPU.ActiveCfg = Debug|Any CPU
		{8D2BB181-7C3A-4FD4-BFDF-FF0B0CF8A010}.Debug|Any CPU.Build.0 = Debug|Any CPU
		{8D2BB181-7C3A-4FD4-BFDF-FF0B0CF8A010}.Release|Any CPU.ActiveCfg = Release|Any CPU
		{8D2BB181-7C3A-4FD4-BFDF-FF0B0CF8A010}.Release|Any CPU.Build.0 = Release|Any CPU
	EndGlobalSection
	GlobalSection(SolutionProperties) = preSolution
		HideSolutionNode = FALSE
	EndGlobalSection
	GlobalSection(ExtensibilityGlobals) = postSolution
		SolutionGuid = {00B95AB3-D22E-4BA4-AF1B-989420361783}
	EndGlobalSection
EndGlobal
